// !$*UTF8*$!
{
	archiveVersion = 1;
	classes = {
	};
	objectVersion = 46;
	objects = {

/* Begin PBXBuildFile section */
		F121A1501B9F56E2008E3F7A /* AppDelegate.swift in Sources */ = {isa = PBXBuildFile; fileRef = F121A14F1B9F56E2008E3F7A /* AppDelegate.swift */; };
		F121A1531B9F56E2008E3F7A /* Grapevine.xcdatamodeld in Sources */ = {isa = PBXBuildFile; fileRef = F121A1511B9F56E2008E3F7A /* Grapevine.xcdatamodeld */; };
		F121A1551B9F56E2008E3F7A /* ViewController.swift in Sources */ = {isa = PBXBuildFile; fileRef = F121A1541B9F56E2008E3F7A /* ViewController.swift */; };
		F121A1581B9F56E2008E3F7A /* Main.storyboard in Resources */ = {isa = PBXBuildFile; fileRef = F121A1561B9F56E2008E3F7A /* Main.storyboard */; };
		F121A15A1B9F56E2008E3F7A /* Images.xcassets in Resources */ = {isa = PBXBuildFile; fileRef = F121A1591B9F56E2008E3F7A /* Images.xcassets */; };
		F121A15D1B9F56E2008E3F7A /* LaunchScreen.xib in Resources */ = {isa = PBXBuildFile; fileRef = F121A15B1B9F56E2008E3F7A /* LaunchScreen.xib */; };
		F121A1691B9F56E2008E3F7A /* GrapevineTests.swift in Sources */ = {isa = PBXBuildFile; fileRef = F121A1681B9F56E2008E3F7A /* GrapevineTests.swift */; };
/* End PBXBuildFile section */

/* Begin PBXContainerItemProxy section */
		F121A1631B9F56E2008E3F7A /* PBXContainerItemProxy */ = {
			isa = PBXContainerItemProxy;
			containerPortal = F121A1421B9F56E2008E3F7A /* Project object */;
			proxyType = 1;
			remoteGlobalIDString = F121A1491B9F56E2008E3F7A;
			remoteInfo = Grapevine;
		};
/* End PBXContainerItemProxy section */

/* Begin PBXFileReference section */
		F121A14A1B9F56E2008E3F7A /* Grapevine.app */ = {isa = PBXFileReference; explicitFileType = wrapper.application; includeInIndex = 0; path = Grapevine.app; sourceTree = BUILT_PRODUCTS_DIR; };
		F121A14E1B9F56E2008E3F7A /* Info.plist */ = {isa = PBXFileReference; lastKnownFileType = text.plist.xml; path = Info.plist; sourceTree = "<group>"; };
		F121A14F1B9F56E2008E3F7A /* AppDelegate.swift */ = {isa = PBXFileReference; lastKnownFileType = sourcecode.swift; path = AppDelegate.swift; sourceTree = "<group>"; };
		F121A1521B9F56E2008E3F7A /* Grapevine.xcdatamodel */ = {isa = PBXFileReference; lastKnownFileType = wrapper.xcdatamodel; path = Grapevine.xcdatamodel; sourceTree = "<group>"; };
		F121A1541B9F56E2008E3F7A /* ViewController.swift */ = {isa = PBXFileReference; lastKnownFileType = sourcecode.swift; path = ViewController.swift; sourceTree = "<group>"; };
		F121A1571B9F56E2008E3F7A /* Base */ = {isa = PBXFileReference; lastKnownFileType = file.storyboard; name = Base; path = Base.lproj/Main.storyboard; sourceTree = "<group>"; };
		F121A1591B9F56E2008E3F7A /* Images.xcassets */ = {isa = PBXFileReference; lastKnownFileType = folder.assetcatalog; path = Images.xcassets; sourceTree = "<group>"; };
		F121A15C1B9F56E2008E3F7A /* Base */ = {isa = PBXFileReference; lastKnownFileType = file.xib; name = Base; path = Base.lproj/LaunchScreen.xib; sourceTree = "<group>"; };
		F121A1621B9F56E2008E3F7A /* GrapevineTests.xctest */ = {isa = PBXFileReference; explicitFileType = wrapper.cfbundle; includeInIndex = 0; path = GrapevineTests.xctest; sourceTree = BUILT_PRODUCTS_DIR; };
		F121A1671B9F56E2008E3F7A /* Info.plist */ = {isa = PBXFileReference; lastKnownFileType = text.plist.xml; path = Info.plist; sourceTree = "<group>"; };
		F121A1681B9F56E2008E3F7A /* GrapevineTests.swift */ = {isa = PBXFileReference; lastKnownFileType = sourcecode.swift; path = GrapevineTests.swift; sourceTree = "<group>"; };
/* End PBXFileReference section */

/* Begin PBXFrameworksBuildPhase section */
		F121A1471B9F56E2008E3F7A /* Frameworks */ = {
			isa = PBXFrameworksBuildPhase;
			buildActionMask = 2147483647;
			files = (
			);
			runOnlyForDeploymentPostprocessing = 0;
		};
		F121A15F1B9F56E2008E3F7A /* Frameworks */ = {
			isa = PBXFrameworksBuildPhase;
			buildActionMask = 2147483647;
			files = (
			);
			runOnlyForDeploymentPostprocessing = 0;
		};
/* End PBXFrameworksBuildPhase section */

/* Begin PBXGroup section */
		F121A1411B9F56E2008E3F7A = {
			isa = PBXGroup;
			children = (
				F121A14C1B9F56E2008E3F7A /* Grapevine */,
				F121A1651B9F56E2008E3F7A /* GrapevineTests */,
				F121A14B1B9F56E2008E3F7A /* Products */,
			);
			sourceTree = "<group>";
		};
		F121A14B1B9F56E2008E3F7A /* Products */ = {
			isa = PBXGroup;
			children = (
				F121A14A1B9F56E2008E3F7A /* Grapevine.app */,
				F121A1621B9F56E2008E3F7A /* GrapevineTests.xctest */,
			);
			name = Products;
			sourceTree = "<group>";
		};
		F121A14C1B9F56E2008E3F7A /* Grapevine */ = {
			isa = PBXGroup;
			children = (
				F121A14F1B9F56E2008E3F7A /* AppDelegate.swift */,
				F121A1541B9F56E2008E3F7A /* ViewController.swift */,
				F121A1561B9F56E2008E3F7A /* Main.storyboard */,
				F121A1591B9F56E2008E3F7A /* Images.xcassets */,
				F121A15B1B9F56E2008E3F7A /* LaunchScreen.xib */,
				F121A1511B9F56E2008E3F7A /* Grapevine.xcdatamodeld */,
				F121A14D1B9F56E2008E3F7A /* Supporting Files */,
			);
			path = Grapevine;
			sourceTree = "<group>";
		};
		F121A14D1B9F56E2008E3F7A /* Supporting Files */ = {
			isa = PBXGroup;
			children = (
				F121A14E1B9F56E2008E3F7A /* Info.plist */,
			);
			name = "Supporting Files";
			sourceTree = "<group>";
		};
		F121A1651B9F56E2008E3F7A /* GrapevineTests */ = {
			isa = PBXGroup;
			children = (
				F121A1681B9F56E2008E3F7A /* GrapevineTests.swift */,
				F121A1661B9F56E2008E3F7A /* Supporting Files */,
			);
			path = GrapevineTests;
			sourceTree = "<group>";
		};
		F121A1661B9F56E2008E3F7A /* Supporting Files */ = {
			isa = PBXGroup;
			children = (
				F121A1671B9F56E2008E3F7A /* Info.plist */,
			);
			name = "Supporting Files";
			sourceTree = "<group>";
		};
/* End PBXGroup section */

/* Begin PBXNativeTarget section */
		F121A1491B9F56E2008E3F7A /* Grapevine */ = {
			isa = PBXNativeTarget;
			buildConfigurationList = F121A16C1B9F56E2008E3F7A /* Build configuration list for PBXNativeTarget "Grapevine" */;
			buildPhases = (
				F121A1461B9F56E2008E3F7A /* Sources */,
				F121A1471B9F56E2008E3F7A /* Frameworks */,
				F121A1481B9F56E2008E3F7A /* Resources */,
			);
			buildRules = (
			);
			dependencies = (
			);
			name = Grapevine;
			productName = Grapevine;
			productReference = F121A14A1B9F56E2008E3F7A /* Grapevine.app */;
			productType = "com.apple.product-type.application";
		};
		F121A1611B9F56E2008E3F7A /* GrapevineTests */ = {
			isa = PBXNativeTarget;
			buildConfigurationList = F121A16F1B9F56E2008E3F7A /* Build configuration list for PBXNativeTarget "GrapevineTests" */;
			buildPhases = (
				F121A15E1B9F56E2008E3F7A /* Sources */,
				F121A15F1B9F56E2008E3F7A /* Frameworks */,
				F121A1601B9F56E2008E3F7A /* Resources */,
			);
			buildRules = (
			);
			dependencies = (
				F121A1641B9F56E2008E3F7A /* PBXTargetDependency */,
			);
			name = GrapevineTests;
			productName = GrapevineTests;
			productReference = F121A1621B9F56E2008E3F7A /* GrapevineTests.xctest */;
			productType = "com.apple.product-type.bundle.unit-test";
		};
/* End PBXNativeTarget section */

/* Begin PBXProject section */
		F121A1421B9F56E2008E3F7A /* Project object */ = {
			isa = PBXProject;
			attributes = {
				LastUpgradeCheck = 0640;
				ORGANIZATIONNAME = Grapevine;
				TargetAttributes = {
					F121A1491B9F56E2008E3F7A = {
						CreatedOnToolsVersion = 6.4;
					};
					F121A1611B9F56E2008E3F7A = {
						CreatedOnToolsVersion = 6.4;
						TestTargetID = F121A1491B9F56E2008E3F7A;
					};
				};
			};
			buildConfigurationList = F121A1451B9F56E2008E3F7A /* Build configuration list for PBXProject "Grapevine" */;
			compatibilityVersion = "Xcode 3.2";
			developmentRegion = English;
			hasScannedForEncodings = 0;
			knownRegions = (
				en,
				Base,
			);
			mainGroup = F121A1411B9F56E2008E3F7A;
			productRefGroup = F121A14B1B9F56E2008E3F7A /* Products */;
			projectDirPath = "";
			projectRoot = "";
			targets = (
				F121A1491B9F56E2008E3F7A /* Grapevine */,
				F121A1611B9F56E2008E3F7A /* GrapevineTests */,
			);
		};
/* End PBXProject section */

/* Begin PBXResourcesBuildPhase section */
		F121A1481B9F56E2008E3F7A /* Resources */ = {
			isa = PBXResourcesBuildPhase;
			buildActionMask = 2147483647;
			files = (
				F121A1581B9F56E2008E3F7A /* Main.storyboard in Resources */,
				F121A15D1B9F56E2008E3F7A /* LaunchScreen.xib in Resources */,
				F121A15A1B9F56E2008E3F7A /* Images.xcassets in Resources */,
			);
			runOnlyForDeploymentPostprocessing = 0;
		};
		F121A1601B9F56E2008E3F7A /* Resources */ = {
			isa = PBXResourcesBuildPhase;
			buildActionMask = 2147483647;
			files = (
			);
			runOnlyForDeploymentPostprocessing = 0;
		};
/* End PBXResourcesBuildPhase section */

/* Begin PBXSourcesBuildPhase section */
		F121A1461B9F56E2008E3F7A /* Sources */ = {
			isa = PBXSourcesBuildPhase;
			buildActionMask = 2147483647;
			files = (
				F121A1551B9F56E2008E3F7A /* ViewController.swift in Sources */,
				F121A1501B9F56E2008E3F7A /* AppDelegate.swift in Sources */,
				F121A1531B9F56E2008E3F7A /* Grapevine.xcdatamodeld in Sources */,
			);
			runOnlyForDeploymentPostprocessing = 0;
		};
		F121A15E1B9F56E2008E3F7A /* Sources */ = {
			isa = PBXSourcesBuildPhase;
			buildActionMask = 2147483647;
			files = (
				F121A1691B9F56E2008E3F7A /* GrapevineTests.swift in Sources */,
			);
			runOnlyForDeploymentPostprocessing = 0;
		};
/* End PBXSourcesBuildPhase section */

/* Begin PBXTargetDependency section */
		F121A1641B9F56E2008E3F7A /* PBXTargetDependency */ = {
			isa = PBXTargetDependency;
			target = F121A1491B9F56E2008E3F7A /* Grapevine */;
			targetProxy = F121A1631B9F56E2008E3F7A /* PBXContainerItemProxy */;
		};
/* End PBXTargetDependency section */

/* Begin PBXVariantGroup section */
		F121A1561B9F56E2008E3F7A /* Main.storyboard */ = {
			isa = PBXVariantGroup;
			children = (
				F121A1571B9F56E2008E3F7A /* Base */,
			);
			name = Main.storyboard;
			sourceTree = "<group>";
		};
		F121A15B1B9F56E2008E3F7A /* LaunchScreen.xib */ = {
			isa = PBXVariantGroup;
			children = (
				F121A15C1B9F56E2008E3F7A /* Base */,
			);
			name = LaunchScreen.xib;
			sourceTree = "<group>";
		};
/* End PBXVariantGroup section */

/* Begin XCBuildConfiguration section */
		F121A16A1B9F56E2008E3F7A /* Debug */ = {
			isa = XCBuildConfiguration;
			buildSettings = {
				ALWAYS_SEARCH_USER_PATHS = NO;
				CLANG_CXX_LANGUAGE_STANDARD = "gnu++0x";
				CLANG_CXX_LIBRARY = "libc++";
				CLANG_ENABLE_MODULES = YES;
				CLANG_ENABLE_OBJC_ARC = YES;
				CLANG_WARN_BOOL_CONVERSION = YES;
				CLANG_WARN_CONSTANT_CONVERSION = YES;
				CLANG_WARN_DIRECT_OBJC_ISA_USAGE = YES_ERROR;
				CLANG_WARN_EMPTY_BODY = YES;
				CLANG_WARN_ENUM_CONVERSION = YES;
				CLANG_WARN_INT_CONVERSION = YES;
				CLANG_WARN_OBJC_ROOT_CLASS = YES_ERROR;
				CLANG_WARN_UNREACHABLE_CODE = YES;
				CLANG_WARN__DUPLICATE_METHOD_MATCH = YES;
				"CODE_SIGN_IDENTITY[sdk=iphoneos*]" = "iPhone Developer";
				COPY_PHASE_STRIP = NO;
				DEBUG_INFORMATION_FORMAT = "dwarf-with-dsym";
				ENABLE_STRICT_OBJC_MSGSEND = YES;
				GCC_C_LANGUAGE_STANDARD = gnu99;
				GCC_DYNAMIC_NO_PIC = NO;
				GCC_NO_COMMON_BLOCKS = YES;
				GCC_OPTIMIZATION_LEVEL = 0;
				GCC_PREPROCESSOR_DEFINITIONS = (
					"DEBUG=1",
					"$(inherited)",
				);
				GCC_SYMBOLS_PRIVATE_EXTERN = NO;
				GCC_WARN_64_TO_32_BIT_CONVERSION = YES;
				GCC_WARN_ABOUT_RETURN_TYPE = YES_ERROR;
				GCC_WARN_UNDECLARED_SELECTOR = YES;
				GCC_WARN_UNINITIALIZED_AUTOS = YES_AGGRESSIVE;
				GCC_WARN_UNUSED_FUNCTION = YES;
				GCC_WARN_UNUSED_VARIABLE = YES;
				IPHONEOS_DEPLOYMENT_TARGET = 8.4;
				MTL_ENABLE_DEBUG_INFO = YES;
				ONLY_ACTIVE_ARCH = YES;
				SDKROOT = iphoneos;
				SWIFT_OPTIMIZATION_LEVEL = "-Onone";
				TARGETED_DEVICE_FAMILY = "1,2";
			};
			name = Debug;
		};
		F121A16B1B9F56E2008E3F7A /* Release */ = {
			isa = XCBuildConfiguration;
			buildSettings = {
				ALWAYS_SEARCH_USER_PATHS = NO;
				CLANG_CXX_LANGUAGE_STANDARD = "gnu++0x";
				CLANG_CXX_LIBRARY = "libc++";
				CLANG_ENABLE_MODULES = YES;
				CLANG_ENABLE_OBJC_ARC = YES;
				CLANG_WARN_BOOL_CONVERSION = YES;
				CLANG_WARN_CONSTANT_CONVERSION = YES;
				CLANG_WARN_DIRECT_OBJC_ISA_USAGE = YES_ERROR;
				CLANG_WARN_EMPTY_BODY = YES;
				CLANG_WARN_ENUM_CONVERSION = YES;
				CLANG_WARN_INT_CONVERSION = YES;
				CLANG_WARN_OBJC_ROOT_CLASS = YES_ERROR;
				CLANG_WARN_UNREACHABLE_CODE = YES;
				CLANG_WARN__DUPLICATE_METHOD_MATCH = YES;
				"CODE_SIGN_IDENTITY[sdk=iphoneos*]" = "iPhone Developer";
				COPY_PHASE_STRIP = NO;
				DEBUG_INFORMATION_FORMAT = "dwarf-with-dsym";
				ENABLE_NS_ASSERTIONS = NO;
				ENABLE_STRICT_OBJC_MSGSEND = YES;
				GCC_C_LANGUAGE_STANDARD = gnu99;
				GCC_NO_COMMON_BLOCKS = YES;
				GCC_WARN_64_TO_32_BIT_CONVERSION = YES;
				GCC_WARN_ABOUT_RETURN_TYPE = YES_ERROR;
				GCC_WARN_UNDECLARED_SELECTOR = YES;
				GCC_WARN_UNINITIALIZED_AUTOS = YES_AGGRESSIVE;
				GCC_WARN_UNUSED_FUNCTION = YES;
				GCC_WARN_UNUSED_VARIABLE = YES;
				IPHONEOS_DEPLOYMENT_TARGET = 8.4;
				MTL_ENABLE_DEBUG_INFO = NO;
				SDKROOT = iphoneos;
				TARGETED_DEVICE_FAMILY = "1,2";
				VALIDATE_PRODUCT = YES;
			};
			name = Release;
		};
		F121A16D1B9F56E2008E3F7A /* Debug */ = {
			isa = XCBuildConfiguration;
			buildSettings = {
				ASSETCATALOG_COMPILER_APPICON_NAME = AppIcon;
				INFOPLIST_FILE = Grapevine/Info.plist;
				LD_RUNPATH_SEARCH_PATHS = "$(inherited) @executable_path/Frameworks";
				PRODUCT_NAME = "$(TARGET_NAME)";
			};
			name = Debug;
		};
		F121A16E1B9F56E2008E3F7A /* Release */ = {
			isa = XCBuildConfiguration;
			buildSettings = {
				ASSETCATALOG_COMPILER_APPICON_NAME = AppIcon;
				INFOPLIST_FILE = Grapevine/Info.plist;
				LD_RUNPATH_SEARCH_PATHS = "$(inherited) @executable_path/Frameworks";
				PRODUCT_NAME = "$(TARGET_NAME)";
			};
			name = Release;
		};
		F121A1701B9F56E2008E3F7A /* Debug */ = {
			isa = XCBuildConfiguration;
			buildSettings = {
				BUNDLE_LOADER = "$(TEST_HOST)";
				FRAMEWORK_SEARCH_PATHS = (
					"$(SDKROOT)/Developer/Library/Frameworks",
					"$(inherited)",
				);
				GCC_PREPROCESSOR_DEFINITIONS = (
					"DEBUG=1",
					"$(inherited)",
				);
				INFOPLIST_FILE = GrapevineTests/Info.plist;
				LD_RUNPATH_SEARCH_PATHS = "$(inherited) @executable_path/Frameworks @loader_path/Frameworks";
				PRODUCT_NAME = "$(TARGET_NAME)";
				TEST_HOST = "$(BUILT_PRODUCTS_DIR)/Grapevine.app/Grapevine";
			};
			name = Debug;
		};
		F121A1711B9F56E2008E3F7A /* Release */ = {
			isa = XCBuildConfiguration;
			buildSettings = {
				BUNDLE_LOADER = "$(TEST_HOST)";
				FRAMEWORK_SEARCH_PATHS = (
					"$(SDKROOT)/Developer/Library/Frameworks",
					"$(inherited)",
				);
				INFOPLIST_FILE = GrapevineTests/Info.plist;
				LD_RUNPATH_SEARCH_PATHS = "$(inherited) @executable_path/Frameworks @loader_path/Frameworks";
				PRODUCT_NAME = "$(TARGET_NAME)";
				TEST_HOST = "$(BUILT_PRODUCTS_DIR)/Grapevine.app/Grapevine";
			};
			name = Release;
		};
/* End XCBuildConfiguration section */

/* Begin XCConfigurationList section */
		F121A1451B9F56E2008E3F7A /* Build configuration list for PBXProject "Grapevine" */ = {
			isa = XCConfigurationList;
			buildConfigurations = (
				F121A16A1B9F56E2008E3F7A /* Debug */,
				F121A16B1B9F56E2008E3F7A /* Release */,
			);
			defaultConfigurationIsVisible = 0;
			defaultConfigurationName = Release;
		};
		F121A16C1B9F56E2008E3F7A /* Build configuration list for PBXNativeTarget "Grapevine" */ = {
			isa = XCConfigurationList;
			buildConfigurations = (
				F121A16D1B9F56E2008E3F7A /* Debug */,
				F121A16E1B9F56E2008E3F7A /* Release */,
			);
			defaultConfigurationIsVisible = 0;
		};
		F121A16F1B9F56E2008E3F7A /* Build configuration list for PBXNativeTarget "GrapevineTests" */ = {
			isa = XCConfigurationList;
			buildConfigurations = (
				F121A1701B9F56E2008E3F7A /* Debug */,
				F121A1711B9F56E2008E3F7A /* Release */,
			);
			defaultConfigurationIsVisible = 0;
		};
/* End XCConfigurationList section */

/* Begin XCVersionGroup section */
		F121A1511B9F56E2008E3F7A /* Grapevine.xcdatamodeld */ = {
			isa = XCVersionGroup;
			children = (
				F121A1521B9F56E2008E3F7A /* Grapevine.xcdatamodel */,
			);
			currentVersion = F121A1521B9F56E2008E3F7A /* Grapevine.xcdatamodel */;
			path = Grapevine.xcdatamodeld;
			sourceTree = "<group>";
			versionGroupType = wrapper.xcdatamodel;
		};
/* End XCVersionGroup section */
	};
	rootObject = F121A1421B9F56E2008E3F7A /* Project object */;
}
